
Microsoft Visual Studio Solution File, Format Version 12.00
# Visual Studio Version 17
VisualStudioVersion = 17.14.35906.104
MinimumVisualStudioVersion = 10.0.40219.1
Project("{FAE04EC0-301F-11D3-BF4B-00C04F79EFBC}") = "DadJokesApp.Api", "DadJokesApp.Api\DadJokesApp.Api.csproj", "{B055EAA6-5EDD-4C78-9B7A-F8548D2A0327}"
EndProject
Project("{FAE04EC0-301F-11D3-BF4B-00C04F79EFBC}") = "DadJokesApp.Web", "DadJokesApp.Web\DadJokesApp.Web.csproj", "{6B309DBB-EB87-41A1-87C9-DA775D9E8D0C}"
EndProject
Project("{FAE04EC0-301F-11D3-BF4B-00C04F79EFBC}") = "DadJokesApp.Api.Tests", "DadJokesApp.Api.Tests\DadJokesApp.Api.Tests.csproj", "{67622223-7828-44E0-9F4D-5DB809ECD1D1}"
EndProject
Global
	GlobalSection(SolutionConfigurationPlatforms) = preSolution
		Debug|Any CPU = Debug|Any CPU
		Release|Any CPU = Release|Any CPU
	EndGlobalSection
	GlobalSection(ProjectConfigurationPlatforms) = postSolution
		{B055EAA6-5EDD-4C78-9B7A-F8548D2A0327}.Debug|Any CPU.ActiveCfg = Debug|Any CPU
		{B055EAA6-5EDD-4C78-9B7A-F8548D2A0327}.Debug|Any CPU.Build.0 = Debug|Any CPU
		{B055EAA6-5EDD-4C78-9B7A-F8548D2A0327}.Release|Any CPU.ActiveCfg = Release|Any CPU
		{B055EAA6-5EDD-4C78-9B7A-F8548D2A0327}.Release|Any CPU.Build.0 = Release|Any CPU
		{6B309DBB-EB87-41A1-87C9-DA775D9E8D0C}.Debug|Any CPU.ActiveCfg = Debug|Any CPU
		{6B309DBB-EB87-41A1-87C9-DA775D9E8D0C}.Debug|Any CPU.Build.0 = Debug|Any CPU
		{6B309DBB-EB87-41A1-87C9-DA775D9E8D0C}.Release|Any CPU.ActiveCfg = Release|Any CPU
		{6B309DBB-EB87-41A1-87C9-DA775D9E8D0C}.Release|Any CPU.Build.0 = Release|Any CPU
		{67622223-7828-44E0-9F4D-5DB809ECD1D1}.Debug|Any CPU.ActiveCfg = Debug|Any CPU
		{67622223-7828-44E0-9F4D-5DB809ECD1D1}.Debug|Any CPU.Build.0 = Debug|Any CPU
		{67622223-7828-44E0-9F4D-5DB809ECD1D1}.Release|Any CPU.ActiveCfg = Release|Any CPU
		{67622223-7828-44E0-9F4D-5DB809ECD1D1}.Release|Any CPU.Build.0 = Release|Any CPU
	EndGlobalSection
	GlobalSection(SolutionProperties) = preSolution
		HideSolutionNode = FALSE
	EndGlobalSection
	GlobalSection(ExtensibilityGlobals) = postSolution
		SolutionGuid = {FB6905D9-CAA3-4AA7-B262-4DB87B5EFDB1}
	EndGlobalSection
EndGlobal
